
Microsoft Visual Studio Solution File, Format Version 12.00
# Visual Studio 15
VisualStudioVersion = 15.0.27130.2027
MinimumVisualStudioVersion = 10.0.40219.1
Project("{9A19103F-16F7-4668-BE54-9A1E7A4F7556}") = "DeuceGear.EnumExtensions", "DeuceGear.EnumExtensions\DeuceGear.EnumExtensions.csproj", "{CE16DD2C-8E38-43AF-879C-0269EF75CCC2}"
EndProject
Project("{2150E333-8FDC-42A3-9474-1A3956D46DE8}") = "Components", "Components", "{2F6A7462-1300-499E-8AF5-8E06B5FB0AC7}"
EndProject
Project("{2150E333-8FDC-42A3-9474-1A3956D46DE8}") = "Tests", "Tests", "{7C0BBEDD-843A-4CD2-AC43-C2C6015F8EED}"
EndProject
Project("{FAE04EC0-301F-11D3-BF4B-00C04F79EFBC}") = "DeuceGear.EnumExtensions.UnitTests", "DeuceGear.EnumExtensions.UnitTests\DeuceGear.EnumExtensions.UnitTests.csproj", "{1CC20D70-1C0F-4653-8E59-4598B3C88408}"
EndProject
Project("{9A19103F-16F7-4668-BE54-9A1E7A4F7556}") = "DeuceGear.StringExtensions", "DeuceGear.StringExtensions\DeuceGear.StringExtensions.csproj", "{66EC81A6-707E-4D51-98BA-8A9CFBF13C14}"
EndProject
Project("{FAE04EC0-301F-11D3-BF4B-00C04F79EFBC}") = "DeuceGear.StringExtensions.UnitTests", "DeuceGear.StringExtensions.UnitTests\DeuceGear.StringExtensions.UnitTests.csproj", "{420264E6-0505-487D-9CA0-4DE0B14AAB07}"
EndProject
Project("{9A19103F-16F7-4668-BE54-9A1E7A4F7556}") = "DeuceGear.RegexExtensions", "DeuceGear.RegexExtensions\DeuceGear.RegexExtensions.csproj", "{16D83C4D-7C07-4018-8F85-8F51FF36B809}"
EndProject
Project("{FAE04EC0-301F-11D3-BF4B-00C04F79EFBC}") = "DeuceGear.RegexExtensions.UnitTests", "DeuceGear.RegexExtensions.UnitTests\DeuceGear.RegexExtensions.UnitTests.csproj", "{0CD2C086-D31E-4C28-A9AE-61E5D76E4879}"
EndProject
Project("{9A19103F-16F7-4668-BE54-9A1E7A4F7556}") = "DeuceGear.Linq", "DeuceGear.Linq\DeuceGear.Linq.csproj", "{0BCA9296-5C06-471C-A9C7-64BFEE1D16A0}"
EndProject
Project("{FAE04EC0-301F-11D3-BF4B-00C04F79EFBC}") = "DeuceGear.Linq.UnitTests", "DeuceGear.Linq.UnitTests\DeuceGear.Linq.UnitTests.csproj", "{F0E466C2-6757-466B-8B87-7462BBA36621}"
EndProject
Project("{2150E333-8FDC-42A3-9474-1A3956D46DE8}") = "Solution Items", "Solution Items", "{AA4C64A2-26BF-43ED-8EA1-509A26F7053E}"
	ProjectSection(SolutionItems) = preProject
		README.md = README.md
	EndProjectSection
EndProject
Project("{9A19103F-16F7-4668-BE54-9A1E7A4F7556}") = "DeuceGear.ObjectExtensions", "DeuceGear.ObjectExtensions\DeuceGear.ObjectExtensions.csproj", "{741B83E4-9385-4F06-B2F1-1ED277607496}"
EndProject
Project("{9A19103F-16F7-4668-BE54-9A1E7A4F7556}") = "DeuceGear.ArrayExtensions", "DeuceGear.ArrayExtensions\DeuceGear.ArrayExtensions.csproj", "{74640034-4D42-42C0-87A9-AC21876B9D84}"
EndProject
Project("{FAE04EC0-301F-11D3-BF4B-00C04F79EFBC}") = "DeuceGear.ArrayExtensions.UnitTests", "DeuceGear.ArrayExtensions.UnitTests\DeuceGear.ArrayExtensions.UnitTests.csproj", "{2CDE007B-37C4-436A-A8D5-63AEB64A1B1E}"
EndProject
Project("{FAE04EC0-301F-11D3-BF4B-00C04F79EFBC}") = "DeuceGear.ObjectExtensions.UnitTests", "DeuceGear.ObjectExtensions.UnitTests\DeuceGear.ObjectExtensions.UnitTests.csproj", "{773AF640-4E4D-454D-8554-4D284B0B6C59}"
EndProject
Global
	GlobalSection(SolutionConfigurationPlatforms) = preSolution
		Debug|Any CPU = Debug|Any CPU
		Release|Any CPU = Release|Any CPU
	EndGlobalSection
	GlobalSection(ProjectConfigurationPlatforms) = postSolution
		{CE16DD2C-8E38-43AF-879C-0269EF75CCC2}.Debug|Any CPU.ActiveCfg = Debug|Any CPU
		{CE16DD2C-8E38-43AF-879C-0269EF75CCC2}.Debug|Any CPU.Build.0 = Debug|Any CPU
		{CE16DD2C-8E38-43AF-879C-0269EF75CCC2}.Release|Any CPU.ActiveCfg = Release|Any CPU
		{CE16DD2C-8E38-43AF-879C-0269EF75CCC2}.Release|Any CPU.Build.0 = Release|Any CPU
		{1CC20D70-1C0F-4653-8E59-4598B3C88408}.Debug|Any CPU.ActiveCfg = Debug|Any CPU
		{1CC20D70-1C0F-4653-8E59-4598B3C88408}.Debug|Any CPU.Build.0 = Debug|Any CPU
		{1CC20D70-1C0F-4653-8E59-4598B3C88408}.Release|Any CPU.ActiveCfg = Release|Any CPU
		{1CC20D70-1C0F-4653-8E59-4598B3C88408}.Release|Any CPU.Build.0 = Release|Any CPU
		{66EC81A6-707E-4D51-98BA-8A9CFBF13C14}.Debug|Any CPU.ActiveCfg = Debug|Any CPU
		{66EC81A6-707E-4D51-98BA-8A9CFBF13C14}.Debug|Any CPU.Build.0 = Debug|Any CPU
		{66EC81A6-707E-4D51-98BA-8A9CFBF13C14}.Release|Any CPU.ActiveCfg = Release|Any CPU
		{66EC81A6-707E-4D51-98BA-8A9CFBF13C14}.Release|Any CPU.Build.0 = Release|Any CPU
		{420264E6-0505-487D-9CA0-4DE0B14AAB07}.Debug|Any CPU.ActiveCfg = Debug|Any CPU
		{420264E6-0505-487D-9CA0-4DE0B14AAB07}.Debug|Any CPU.Build.0 = Debug|Any CPU
		{420264E6-0505-487D-9CA0-4DE0B14AAB07}.Release|Any CPU.ActiveCfg = Release|Any CPU
		{420264E6-0505-487D-9CA0-4DE0B14AAB07}.Release|Any CPU.Build.0 = Release|Any CPU
		{16D83C4D-7C07-4018-8F85-8F51FF36B809}.Debug|Any CPU.ActiveCfg = Debug|Any CPU
		{16D83C4D-7C07-4018-8F85-8F51FF36B809}.Debug|Any CPU.Build.0 = Debug|Any CPU
		{16D83C4D-7C07-4018-8F85-8F51FF36B809}.Release|Any CPU.ActiveCfg = Release|Any CPU
		{16D83C4D-7C07-4018-8F85-8F51FF36B809}.Release|Any CPU.Build.0 = Release|Any CPU
		{0CD2C086-D31E-4C28-A9AE-61E5D76E4879}.Debug|Any CPU.ActiveCfg = Debug|Any CPU
		{0CD2C086-D31E-4C28-A9AE-61E5D76E4879}.Debug|Any CPU.Build.0 = Debug|Any CPU
		{0CD2C086-D31E-4C28-A9AE-61E5D76E4879}.Release|Any CPU.ActiveCfg = Release|Any CPU
		{0CD2C086-D31E-4C28-A9AE-61E5D76E4879}.Release|Any CPU.Build.0 = Release|Any CPU
		{0BCA9296-5C06-471C-A9C7-64BFEE1D16A0}.Debug|Any CPU.ActiveCfg = Debug|Any CPU
		{0BCA9296-5C06-471C-A9C7-64BFEE1D16A0}.Debug|Any CPU.Build.0 = Debug|Any CPU
		{0BCA9296-5C06-471C-A9C7-64BFEE1D16A0}.Release|Any CPU.ActiveCfg = Release|Any CPU
		{0BCA9296-5C06-471C-A9C7-64BFEE1D16A0}.Release|Any CPU.Build.0 = Release|Any CPU
		{F0E466C2-6757-466B-8B87-7462BBA36621}.Debug|Any CPU.ActiveCfg = Debug|Any CPU
		{F0E466C2-6757-466B-8B87-7462BBA36621}.Debug|Any CPU.Build.0 = Debug|Any CPU
		{F0E466C2-6757-466B-8B87-7462BBA36621}.Release|Any CPU.ActiveCfg = Release|Any CPU
		{F0E466C2-6757-466B-8B87-7462BBA36621}.Release|Any CPU.Build.0 = Release|Any CPU
		{741B83E4-9385-4F06-B2F1-1ED277607496}.Debug|Any CPU.ActiveCfg = Debug|Any CPU
		{741B83E4-9385-4F06-B2F1-1ED277607496}.Debug|Any CPU.Build.0 = Debug|Any CPU
		{741B83E4-9385-4F06-B2F1-1ED277607496}.Release|Any CPU.ActiveCfg = Release|Any CPU
		{741B83E4-9385-4F06-B2F1-1ED277607496}.Release|Any CPU.Build.0 = Release|Any CPU
		{74640034-4D42-42C0-87A9-AC21876B9D84}.Debug|Any CPU.ActiveCfg = Debug|Any CPU
		{74640034-4D42-42C0-87A9-AC21876B9D84}.Debug|Any CPU.Build.0 = Debug|Any CPU
		{74640034-4D42-42C0-87A9-AC21876B9D84}.Release|Any CPU.ActiveCfg = Release|Any CPU
		{74640034-4D42-42C0-87A9-AC21876B9D84}.Release|Any CPU.Build.0 = Release|Any CPU
		{2CDE007B-37C4-436A-A8D5-63AEB64A1B1E}.Debug|Any CPU.ActiveCfg = Debug|Any CPU
		{2CDE007B-37C4-436A-A8D5-63AEB64A1B1E}.Debug|Any CPU.Build.0 = Debug|Any CPU
		{2CDE007B-37C4-436A-A8D5-63AEB64A1B1E}.Release|Any CPU.ActiveCfg = Release|Any CPU
		{2CDE007B-37C4-436A-A8D5-63AEB64A1B1E}.Release|Any CPU.Build.0 = Release|Any CPU
		{773AF640-4E4D-454D-8554-4D284B0B6C59}.Debug|Any CPU.ActiveCfg = Debug|Any CPU
		{773AF640-4E4D-454D-8554-4D284B0B6C59}.Debug|Any CPU.Build.0 = Debug|Any CPU
		{773AF640-4E4D-454D-8554-4D284B0B6C59}.Release|Any CPU.ActiveCfg = Release|Any CPU
		{773AF640-4E4D-454D-8554-4D284B0B6C59}.Release|Any CPU.Build.0 = Release|Any CPU
	EndGlobalSection
	GlobalSection(SolutionProperties) = preSolution
		HideSolutionNode = FALSE
	EndGlobalSection
	GlobalSection(NestedProjects) = preSolution
		{CE16DD2C-8E38-43AF-879C-0269EF75CCC2} = {2F6A7462-1300-499E-8AF5-8E06B5FB0AC7}
		{1CC20D70-1C0F-4653-8E59-4598B3C88408} = {7C0BBEDD-843A-4CD2-AC43-C2C6015F8EED}
		{66EC81A6-707E-4D51-98BA-8A9CFBF13C14} = {2F6A7462-1300-499E-8AF5-8E06B5FB0AC7}
		{420264E6-0505-487D-9CA0-4DE0B14AAB07} = {7C0BBEDD-843A-4CD2-AC43-C2C6015F8EED}
		{16D83C4D-7C07-4018-8F85-8F51FF36B809} = {2F6A7462-1300-499E-8AF5-8E06B5FB0AC7}
		{0CD2C086-D31E-4C28-A9AE-61E5D76E4879} = {7C0BBEDD-843A-4CD2-AC43-C2C6015F8EED}
		{0BCA9296-5C06-471C-A9C7-64BFEE1D16A0} = {2F6A7462-1300-499E-8AF5-8E06B5FB0AC7}
		{F0E466C2-6757-466B-8B87-7462BBA36621} = {7C0BBEDD-843A-4CD2-AC43-C2C6015F8EED}
		{741B83E4-9385-4F06-B2F1-1ED277607496} = {2F6A7462-1300-499E-8AF5-8E06B5FB0AC7}
		{74640034-4D42-42C0-87A9-AC21876B9D84} = {2F6A7462-1300-499E-8AF5-8E06B5FB0AC7}
		{2CDE007B-37C4-436A-A8D5-63AEB64A1B1E} = {7C0BBEDD-843A-4CD2-AC43-C2C6015F8EED}
		{773AF640-4E4D-454D-8554-4D284B0B6C59} = {7C0BBEDD-843A-4CD2-AC43-C2C6015F8EED}
	EndGlobalSection
	GlobalSection(ExtensibilityGlobals) = postSolution
		SolutionGuid = {5A1F274B-9D29-456F-BBEA-64933AEA863B}
	EndGlobalSection
EndGlobal
